
Microsoft Visual Studio Solution File, Format Version 12.00
# Visual Studio 15
VisualStudioVersion = 15.0.28307.421
MinimumVisualStudioVersion = 10.0.40219.1
Project("{2150E333-8FDC-42A3-9474-1A3956D46DE8}") = "src", "src", "{F0C59648-D438-4D76-B5C0-5CD32EF928B5}"
EndProject
Project("{FAE04EC0-301F-11D3-BF4B-00C04F79EFBC}") = "Send", "src\Send\Send.csproj", "{FCC9B385-8F27-4A56-ACB1-036FBCC285DB}"
EndProject
Project("{FAE04EC0-301F-11D3-BF4B-00C04F79EFBC}") = "Receive", "src\Receive\Receive.csproj", "{9CA24B46-E790-4BC4-B112-BA6A67B3723D}"
EndProject
Global
	GlobalSection(SolutionConfigurationPlatforms) = preSolution
		Debug|Any CPU = Debug|Any CPU
		Release|Any CPU = Release|Any CPU
	EndGlobalSection
	GlobalSection(ProjectConfigurationPlatforms) = postSolution
		{FCC9B385-8F27-4A56-ACB1-036FBCC285DB}.Debug|Any CPU.ActiveCfg = Debug|Any CPU
		{FCC9B385-8F27-4A56-ACB1-036FBCC285DB}.Debug|Any CPU.Build.0 = Debug|Any CPU
		{FCC9B385-8F27-4A56-ACB1-036FBCC285DB}.Release|Any CPU.ActiveCfg = Release|Any CPU
		{FCC9B385-8F27-4A56-ACB1-036FBCC285DB}.Release|Any CPU.Build.0 = Release|Any CPU
		{9CA24B46-E790-4BC4-B112-BA6A67B3723D}.Debug|Any CPU.ActiveCfg = Debug|Any CPU
		{9CA24B46-E790-4BC4-B112-BA6A67B3723D}.Debug|Any CPU.Build.0 = Debug|Any CPU
		{9CA24B46-E790-4BC4-B112-BA6A67B3723D}.Release|Any CPU.ActiveCfg = Release|Any CPU
		{9CA24B46-E790-4BC4-B112-BA6A67B3723D}.Release|Any CPU.Build.0 = Release|Any CPU
	EndGlobalSection
	GlobalSection(SolutionProperties) = preSolution
		HideSolutionNode = FALSE
	EndGlobalSection
	GlobalSection(NestedProjects) = preSolution
		{FCC9B385-8F27-4A56-ACB1-036FBCC285DB} = {F0C59648-D438-4D76-B5C0-5CD32EF928B5}
		{9CA24B46-E790-4BC4-B112-BA6A67B3723D} = {F0C59648-D438-4D76-B5C0-5CD32EF928B5}
	EndGlobalSection
	GlobalSection(ExtensibilityGlobals) = postSolution
		SolutionGuid = {779B6F08-79B2-40F6-9781-95ABAEF43C56}
	EndGlobalSection
EndGlobal
